
Microsoft Visual Studio Solution File, Format Version 12.00
# Visual Studio 15
VisualStudioVersion = 15.0.27703.2000
MinimumVisualStudioVersion = 10.0.40219.1
Project("{FAE04EC0-301F-11D3-BF4B-00C04F79EFBC}") = "00_Biblioteca", "00_Biblioteca\00_Biblioteca.csproj", "{1CF698CB-3A16-4641-A7B7-FBC7A6EE5B77}"
EndProject
Project("{FAE04EC0-301F-11D3-BF4B-00C04F79EFBC}") = "01_SerializarXML", "01_SerializarXML\01_SerializarXML.csproj", "{1D3EE97F-6C6C-49DD-AC18-472FEEE9F0D3}"
EndProject
Project("{FAE04EC0-301F-11D3-BF4B-00C04F79EFBC}") = "02_Deserealizar", "02_Deserealizar\02_Deserealizar.csproj", "{3B163E57-9FB7-4A40-BA79-4C8B47850EF4}"
EndProject
Project("{FAE04EC0-301F-11D3-BF4B-00C04F79EFBC}") = "03_SerealizarJSON", "03_SerealizarJSON\03_SerealizarJSON.csproj", "{2BBB81D0-2836-4CBC-ACFC-696F32A4A4A3}"
EndProject
Global
	GlobalSection(SolutionConfigurationPlatforms) = preSolution
		Debug|Any CPU = Debug|Any CPU
		Release|Any CPU = Release|Any CPU
	EndGlobalSection
	GlobalSection(ProjectConfigurationPlatforms) = postSolution
		{1CF698CB-3A16-4641-A7B7-FBC7A6EE5B77}.Debug|Any CPU.ActiveCfg = Debug|Any CPU
		{1CF698CB-3A16-4641-A7B7-FBC7A6EE5B77}.Debug|Any CPU.Build.0 = Debug|Any CPU
		{1CF698CB-3A16-4641-A7B7-FBC7A6EE5B77}.Release|Any CPU.ActiveCfg = Release|Any CPU
		{1CF698CB-3A16-4641-A7B7-FBC7A6EE5B77}.Release|Any CPU.Build.0 = Release|Any CPU
		{1D3EE97F-6C6C-49DD-AC18-472FEEE9F0D3}.Debug|Any CPU.ActiveCfg = Debug|Any CPU
		{1D3EE97F-6C6C-49DD-AC18-472FEEE9F0D3}.Debug|Any CPU.Build.0 = Debug|Any CPU
		{1D3EE97F-6C6C-49DD-AC18-472FEEE9F0D3}.Release|Any CPU.ActiveCfg = Release|Any CPU
		{1D3EE97F-6C6C-49DD-AC18-472FEEE9F0D3}.Release|Any CPU.Build.0 = Release|Any CPU
		{3B163E57-9FB7-4A40-BA79-4C8B47850EF4}.Debug|Any CPU.ActiveCfg = Debug|Any CPU
		{3B163E57-9FB7-4A40-BA79-4C8B47850EF4}.Debug|Any CPU.Build.0 = Debug|Any CPU
		{3B163E57-9FB7-4A40-BA79-4C8B47850EF4}.Release|Any CPU.ActiveCfg = Release|Any CPU
		{3B163E57-9FB7-4A40-BA79-4C8B47850EF4}.Release|Any CPU.Build.0 = Release|Any CPU
		{2BBB81D0-2836-4CBC-ACFC-696F32A4A4A3}.Debug|Any CPU.ActiveCfg = Debug|Any CPU
		{2BBB81D0-2836-4CBC-ACFC-696F32A4A4A3}.Debug|Any CPU.Build.0 = Debug|Any CPU
		{2BBB81D0-2836-4CBC-ACFC-696F32A4A4A3}.Release|Any CPU.ActiveCfg = Release|Any CPU
		{2BBB81D0-2836-4CBC-ACFC-696F32A4A4A3}.Release|Any CPU.Build.0 = Release|Any CPU
	EndGlobalSection
	GlobalSection(SolutionProperties) = preSolution
		HideSolutionNode = FALSE
	EndGlobalSection
	GlobalSection(ExtensibilityGlobals) = postSolution
		SolutionGuid = {3261B6A3-B4E2-4436-9D60-05EA2C43A1DA}
	EndGlobalSection
EndGlobal
