
Microsoft Visual Studio Solution File, Format Version 12.00
# Visual Studio 15
VisualStudioVersion = 15.0.27703.2000
MinimumVisualStudioVersion = 10.0.40219.1
Project("{FAE04EC0-301F-11D3-BF4B-00C04F79EFBC}") = "Project1", "Project1\Project1.csproj", "{0BAF7359-7C02-4BD5-91B4-0DE43B343425}"
EndProject
Global
	GlobalSection(SolutionConfigurationPlatforms) = preSolution
		Debug|Any CPU = Debug|Any CPU
		Release|Any CPU = Release|Any CPU
	EndGlobalSection
	GlobalSection(ProjectConfigurationPlatforms) = postSolution
		{0BAF7359-7C02-4BD5-91B4-0DE43B343425}.Debug|Any CPU.ActiveCfg = Debug|Any CPU
		{0BAF7359-7C02-4BD5-91B4-0DE43B343425}.Debug|Any CPU.Build.0 = Debug|Any CPU
		{0BAF7359-7C02-4BD5-91B4-0DE43B343425}.Release|Any CPU.ActiveCfg = Release|Any CPU
		{0BAF7359-7C02-4BD5-91B4-0DE43B343425}.Release|Any CPU.Build.0 = Release|Any CPU
	EndGlobalSection
	GlobalSection(SolutionProperties) = preSolution
		HideSolutionNode = FALSE
	EndGlobalSection
	GlobalSection(ExtensibilityGlobals) = postSolution
		SolutionGuid = {3261B6A3-B4E2-4436-9D60-05EA2C43A1DA}
	EndGlobalSection
EndGlobal
